# This file is automatically @generated by Cargo.
# It is not intended for manual editing.
version = 3

[[package]]
name = "simple-byte-order"
version = "0.1.0"
source = "git+https://github.com/leddoo/simple-byte-order#d283bd9bb4cefe682b1a5fb946f2796d0e804986"

[[package]]
name = "slice-reader"
version = "0.1.1"
source = "git+https://github.com/leddoo/slice-reader#2e911fe7b55a59e3a517bf391903b630ebf47848"
dependencies = [
 "simple-byte-order",
]

[[package]]
name = "udoc-rs"
version = "0.1.1"
dependencies = [
 "slice-reader",
]
